
Microsoft Visual Studio Solution File, Format Version 12.00
# Visual Studio 2013
VisualStudioVersion = 12.0.40629.0
MinimumVisualStudioVersion = 10.0.40219.1
Project("{FAE04EC0-301F-11D3-BF4B-00C04F79EFBC}") = "VCCChallenge", "VCCChallenge\VCCChallenge.csproj", "{D36130E1-1A9A-4E9B-90DC-7EEDAEAA7766}"
EndProject
Project("{FAE04EC0-301F-11D3-BF4B-00C04F79EFBC}") = "LoCoMoCo", "LoCoMoCo\LoCoMoCo.csproj", "{D0D5BA1B-1119-4E4C-9174-C2E0E6976402}"
EndProject
Global
	GlobalSection(SolutionConfigurationPlatforms) = preSolution
		Debug|Any CPU = Debug|Any CPU
		Release|Any CPU = Release|Any CPU
	EndGlobalSection
	GlobalSection(ProjectConfigurationPlatforms) = postSolution
		{D36130E1-1A9A-4E9B-90DC-7EEDAEAA7766}.Debug|Any CPU.ActiveCfg = Debug|Any CPU
		{D36130E1-1A9A-4E9B-90DC-7EEDAEAA7766}.Debug|Any CPU.Build.0 = Debug|Any CPU
		{D36130E1-1A9A-4E9B-90DC-7EEDAEAA7766}.Release|Any CPU.ActiveCfg = Release|Any CPU
		{D36130E1-1A9A-4E9B-90DC-7EEDAEAA7766}.Release|Any CPU.Build.0 = Release|Any CPU
		{D0D5BA1B-1119-4E4C-9174-C2E0E6976402}.Debug|Any CPU.ActiveCfg = Debug|Any CPU
		{D0D5BA1B-1119-4E4C-9174-C2E0E6976402}.Debug|Any CPU.Build.0 = Debug|Any CPU
		{D0D5BA1B-1119-4E4C-9174-C2E0E6976402}.Release|Any CPU.ActiveCfg = Release|Any CPU
		{D0D5BA1B-1119-4E4C-9174-C2E0E6976402}.Release|Any CPU.Build.0 = Release|Any CPU
	EndGlobalSection
	GlobalSection(SolutionProperties) = preSolution
		HideSolutionNode = FALSE
	EndGlobalSection
EndGlobal
